<?xml version="1.0" encoding="utf-8"?>
<Project ToolsVersion="4.0" xmlns="http://schemas.microsoft.com/developer/msbuild/2003">
  <ItemGroup>
    <Filter Include="Source Files">
      <UniqueIdentifier>{4FC737F1-C7A5-4376-A066-2A32D752A2FF}</UniqueIdentifier>
      <Extensions>cpp;c;cc;cxx;c++;cppm;ixx;def;odl;idl;hpj;bat;asm;asmx</Extensions>
    </Filter>
    <Filter Include="Header Files">
      <UniqueIdentifier>{93995380-89BD-4b04-88EB-625FBE52EBFB}</UniqueIdentifier>
      <Extensions>h;hh;hpp;hxx;h++;hm;inl;inc;ipp;xsd</Extensions>
    </Filter>
    <Filter Include="Resource Files">
      <UniqueIdentifier>{67DA6AB6-F800-4c08-8B7A-83BB121AAD01}</UniqueIdentifier>
      <Extensions>rc;ico;cur;bmp;dlg;rc2;rct;bin;rgs;gif;jpg;jpeg;jpe;resx;tiff;tif;png;wav;mfcribbon-ms</Extensions>
    </Filter>
    <Filter Include="Source Files\Engine Code">
      <UniqueIdentifier>{18a79592-b14c-44f9-aed3-2405c7f98f8b}</UniqueIdentifier>
    </Filter>
    <Filter Include="Source Files\Game Code">
      <UniqueIdentifier>{73420cd2-635b-4984-9b86-badfd25ea228}</UniqueIdentifier>
    </Filter>
    <Filter Include="Source Files\Engine Code\Resource Managers">
      <UniqueIdentifier>{eaf6fe81-7931-4bb6-9bd4-e8478beb21a1}</UniqueIdentifier>
    </Filter>
    <Filter Include="Source Files\Engine Code\Engine">
      <UniqueIdentifier>{b706fee5-6103-41b2-ba67-f58342fa2c0f}</UniqueIdentifier>
    </Filter>
    <Filter Include="Source Files\Engine Code\Time Manager">
      <UniqueIdentifier>{c4c0f749-ee0c-4d9e-8a58-54daecfa4dba}</UniqueIdentifier>
    </Filter>
    <Filter Include="Source Files\Game Code\Engine Essentials">
      <UniqueIdentifier>{2335fc43-60bc-4160-942b-23939aa32a92}</UniqueIdentifier>
    </Filter>
  </ItemGroup>
  <ItemGroup>
    <ClCompile Include="Engine Code\TextureManager.cpp">
      <Filter>Source Files\Engine Code\Resource Managers</Filter>
    </ClCompile>
    <ClCompile Include="Engine Code\SpriteManager.cpp">
      <Filter>Source Files\Engine Code\Resource Managers</Filter>
    </ClCompile>
    <ClCompile Include="Engine Code\main.cpp">
      <Filter>Source Files\Engine Code\Engine</Filter>
    </ClCompile>
    <ClCompile Include="Engine Code\TimeManager.cpp">
      <Filter>Source Files\Engine Code\Time Manager</Filter>
    </ClCompile>
    <ClCompile Include="Engine Code\TravellerEngine.cpp">
      <Filter>Source Files\Engine Code\Engine</Filter>
    </ClCompile>
    <ClCompile Include="Game Code\LoadAllResources.cpp">
      <Filter>Source Files\Game Code\Engine Essentials</Filter>
    </ClCompile>
    <ClCompile Include="Game Code\InitializeGame.cpp">
      <Filter>Source Files\Game Code\Engine Essentials</Filter>
    </ClCompile>
    <ClCompile Include="Game Code\EndGame.cpp">
      <Filter>Source Files\Game Code\Engine Essentials</Filter>
    </ClCompile>
    <ClCompile Include="Engine Code\TimeManagerAttorney.cpp">
      <Filter>Source Files\Engine Code\Time Manager</Filter>
    </ClCompile>
  </ItemGroup>
  <ItemGroup>
    <ClInclude Include="Engine Code\TextureManager.h">
      <Filter>Source Files\Engine Code\Resource Managers</Filter>
    </ClInclude>
    <ClInclude Include="Engine Code\SpriteManager.h">
      <Filter>Source Files\Engine Code\Resource Managers</Filter>
    </ClInclude>
    <ClInclude Include="Engine Code\TravellerEngine.h">
      <Filter>Source Files\Engine Code\Engine</Filter>
    </ClInclude>
    <ClInclude Include="Engine Code\TimeManager.h">
      <Filter>Source Files\Engine Code\Time Manager</Filter>
    </ClInclude>
    <ClInclude Include="Engine Code\Variables.h">
      <Filter>Source Files\Engine Code\Engine</Filter>
    </ClInclude>
    <ClInclude Include="Engine Code\TimeManagerAttorney.h">
      <Filter>Source Files\Engine Code\Time Manager</Filter>
    </ClInclude>
  </ItemGroup>
</Project>