<?xml version="1.0" encoding="utf-8"?>
<Project ToolsVersion="4.0" xmlns="http://schemas.microsoft.com/developer/msbuild/2003">
  <ItemGroup>
    <Filter Include="Source Files">
      <UniqueIdentifier>{4FC737F1-C7A5-4376-A066-2A32D752A2FF}</UniqueIdentifier>
      <Extensions>cpp;c;cc;cxx;c++;cppm;ixx;def;odl;idl;hpj;bat;asm;asmx</Extensions>
    </Filter>
    <Filter Include="Header Files">
      <UniqueIdentifier>{93995380-89BD-4b04-88EB-625FBE52EBFB}</UniqueIdentifier>
      <Extensions>h;hh;hpp;hxx;h++;hm;inl;inc;ipp;xsd</Extensions>
    </Filter>
    <Filter Include="Resource Files">
      <UniqueIdentifier>{67DA6AB6-F800-4c08-8B7A-83BB121AAD01}</UniqueIdentifier>
      <Extensions>rc;ico;cur;bmp;dlg;rc2;rct;bin;rgs;gif;jpg;jpeg;jpe;resx;tiff;tif;png;wav;mfcribbon-ms</Extensions>
    </Filter>
    <Filter Include="Source Files\Engine Code">
      <UniqueIdentifier>{18a79592-b14c-44f9-aed3-2405c7f98f8b}</UniqueIdentifier>
    </Filter>
    <Filter Include="Source Files\Game Code">
      <UniqueIdentifier>{73420cd2-635b-4984-9b86-badfd25ea228}</UniqueIdentifier>
    </Filter>
    <Filter Include="Source Files\Engine Code\Resource Managers">
      <UniqueIdentifier>{eaf6fe81-7931-4bb6-9bd4-e8478beb21a1}</UniqueIdentifier>
    </Filter>
    <Filter Include="Source Files\Engine Code\Engine">
      <UniqueIdentifier>{b706fee5-6103-41b2-ba67-f58342fa2c0f}</UniqueIdentifier>
    </Filter>
    <Filter Include="Source Files\Engine Code\Time Manager">
      <UniqueIdentifier>{c4c0f749-ee0c-4d9e-8a58-54daecfa4dba}</UniqueIdentifier>
    </Filter>
    <Filter Include="Source Files\Game Code\Engine Essentials">
      <UniqueIdentifier>{2335fc43-60bc-4160-942b-23939aa32a92}</UniqueIdentifier>
    </Filter>
    <Filter Include="Source Files\Engine Code\Resource Managers\Sprite Manager">
      <UniqueIdentifier>{5833ca84-1271-4b7d-af89-eccbae3711c9}</UniqueIdentifier>
    </Filter>
    <Filter Include="Source Files\Engine Code\Resource Managers\Texture Manager">
      <UniqueIdentifier>{50b9c6c7-1100-4e59-9b48-4e7c63c34dba}</UniqueIdentifier>
    </Filter>
    <Filter Include="Source Files\Engine Code\Timer System">
      <UniqueIdentifier>{11cdb2e5-ef4e-4600-820c-2a2d8fec8cb3}</UniqueIdentifier>
    </Filter>
    <Filter Include="Source Files\Engine Code\Scene System">
      <UniqueIdentifier>{04815021-2bc8-494b-a2ea-ffc4289cf567}</UniqueIdentifier>
    </Filter>
    <Filter Include="Source Files\Engine Code\Camera System">
      <UniqueIdentifier>{17464629-c1a9-497e-b600-9b07fe4e72f2}</UniqueIdentifier>
    </Filter>
    <Filter Include="Source Files\Engine Code\Misc.">
      <UniqueIdentifier>{260e3cd2-d207-48ba-b49b-99630b40c709}</UniqueIdentifier>
    </Filter>
    <Filter Include="Source Files\Engine Code\X-ables">
      <UniqueIdentifier>{30c72d82-a121-4c7f-a3ae-8d6720fdd4c6}</UniqueIdentifier>
    </Filter>
    <Filter Include="Source Files\Engine Code\X-ables\1. Update System">
      <UniqueIdentifier>{8b14cae7-4851-4222-b3df-06ae490c0cde}</UniqueIdentifier>
    </Filter>
    <Filter Include="Source Files\Engine Code\X-ables\2. Draw System">
      <UniqueIdentifier>{2a7de788-1e18-4c12-9c7f-f43a17d8cb53}</UniqueIdentifier>
    </Filter>
    <Filter Include="Source Files\Game Code\Weapons">
      <UniqueIdentifier>{5520ac92-ccbb-4419-81e9-b2bee62ee195}</UniqueIdentifier>
    </Filter>
    <Filter Include="Source Files\Game Code\Weapons\Shotgun">
      <UniqueIdentifier>{339b04bb-9206-4186-893c-84fe117f9193}</UniqueIdentifier>
    </Filter>
    <Filter Include="Source Files\Engine Code\X-ables\3. Input System">
      <UniqueIdentifier>{205a39f2-8d3a-4528-af6d-00e3fe9799bd}</UniqueIdentifier>
    </Filter>
  </ItemGroup>
  <ItemGroup>
    <ClCompile Include="Engine Code\main.cpp">
      <Filter>Source Files\Engine Code\Engine</Filter>
    </ClCompile>
    <ClCompile Include="Engine Code\TimeManager.cpp">
      <Filter>Source Files\Engine Code\Time Manager</Filter>
    </ClCompile>
    <ClCompile Include="Engine Code\TravellerEngine.cpp">
      <Filter>Source Files\Engine Code\Engine</Filter>
    </ClCompile>
    <ClCompile Include="Game Code\LoadAllResources.cpp">
      <Filter>Source Files\Game Code\Engine Essentials</Filter>
    </ClCompile>
    <ClCompile Include="Game Code\InitializeGame.cpp">
      <Filter>Source Files\Game Code\Engine Essentials</Filter>
    </ClCompile>
    <ClCompile Include="Game Code\EndGame.cpp">
      <Filter>Source Files\Game Code\Engine Essentials</Filter>
    </ClCompile>
    <ClCompile Include="Engine Code\TimeManagerAttorney.cpp">
      <Filter>Source Files\Engine Code\Time Manager</Filter>
    </ClCompile>
    <ClCompile Include="Engine Code\SpriteManager.cpp">
      <Filter>Source Files\Engine Code\Resource Managers\Sprite Manager</Filter>
    </ClCompile>
    <ClCompile Include="Engine Code\SpriteManagerAttorney.cpp">
      <Filter>Source Files\Engine Code\Resource Managers\Sprite Manager</Filter>
    </ClCompile>
    <ClCompile Include="Engine Code\TextureManager.cpp">
      <Filter>Source Files\Engine Code\Resource Managers\Texture Manager</Filter>
    </ClCompile>
    <ClCompile Include="Engine Code\TextureManagerAttorney.cpp">
      <Filter>Source Files\Engine Code\Resource Managers\Texture Manager</Filter>
    </ClCompile>
    <ClCompile Include="Engine Code\UpdatableManager.cpp">
      <Filter>Source Files\Engine Code\X-ables\1. Update System</Filter>
    </ClCompile>
    <ClCompile Include="Engine Code\Updatable.cpp">
      <Filter>Source Files\Engine Code\X-ables\1. Update System</Filter>
    </ClCompile>
    <ClCompile Include="Engine Code\Camera.cpp">
      <Filter>Source Files\Engine Code\Camera System</Filter>
    </ClCompile>
    <ClCompile Include="Engine Code\CameraManager.cpp">
      <Filter>Source Files\Engine Code\Camera System</Filter>
    </ClCompile>
    <ClCompile Include="Engine Code\EngineAttorney.cpp">
      <Filter>Source Files\Engine Code\Engine</Filter>
    </ClCompile>
    <ClCompile Include="Engine Code\RegistrationBroker.cpp">
      <Filter>Source Files\Engine Code\Scene System</Filter>
    </ClCompile>
    <ClCompile Include="Engine Code\Scene.cpp">
      <Filter>Source Files\Engine Code\Scene System</Filter>
    </ClCompile>
    <ClCompile Include="Engine Code\TDrawableManager.cpp">
      <Filter>Source Files\Engine Code\X-ables\2. Draw System</Filter>
    </ClCompile>
    <ClCompile Include="Engine Code\UpdateRegistrationCommand.cpp">
      <Filter>Source Files\Engine Code\X-ables\1. Update System</Filter>
    </ClCompile>
    <ClCompile Include="Engine Code\UpdateDeregistrationCommand.cpp">
      <Filter>Source Files\Engine Code\X-ables\1. Update System</Filter>
    </ClCompile>
    <ClCompile Include="Engine Code\TDrawRegistrationCommand.cpp">
      <Filter>Source Files\Engine Code\X-ables\2. Draw System</Filter>
    </ClCompile>
    <ClCompile Include="Engine Code\SceneManager.cpp">
      <Filter>Source Files\Engine Code\Scene System</Filter>
    </ClCompile>
    <ClCompile Include="Engine Code\TDrawDeregistrationCommand.cpp">
      <Filter>Source Files\Engine Code\X-ables\2. Draw System</Filter>
    </ClCompile>
    <ClCompile Include="Engine Code\TDrawable.cpp">
      <Filter>Source Files\Engine Code\X-ables\2. Draw System</Filter>
    </ClCompile>
    <ClCompile Include="Game Code\Player.cpp">
      <Filter>Source Files\Game Code</Filter>
    </ClCompile>
    <ClCompile Include="Game Code\ScenePlayerTest.cpp">
      <Filter>Source Files\Game Code</Filter>
    </ClCompile>
    <ClCompile Include="Game Code\Weapon.cpp">
      <Filter>Source Files\Game Code\Weapons</Filter>
    </ClCompile>
    <ClCompile Include="Game Code\Shotgun.cpp">
      <Filter>Source Files\Game Code\Weapons\Shotgun</Filter>
    </ClCompile>
    <ClCompile Include="Game Code\Pellet.cpp">
      <Filter>Source Files\Game Code\Weapons\Shotgun</Filter>
    </ClCompile>
    <ClCompile Include="Engine Code\Inputable.cpp">
      <Filter>Source Files\Engine Code\X-ables\3. Input System</Filter>
    </ClCompile>
  </ItemGroup>
  <ItemGroup>
    <ClInclude Include="Engine Code\TravellerEngine.h">
      <Filter>Source Files\Engine Code\Engine</Filter>
    </ClInclude>
    <ClInclude Include="Engine Code\TimeManager.h">
      <Filter>Source Files\Engine Code\Time Manager</Filter>
    </ClInclude>
    <ClInclude Include="Engine Code\Variables.h">
      <Filter>Source Files\Engine Code\Engine</Filter>
    </ClInclude>
    <ClInclude Include="Engine Code\TimeManagerAttorney.h">
      <Filter>Source Files\Engine Code\Time Manager</Filter>
    </ClInclude>
    <ClInclude Include="Engine Code\SpriteManagerAttorney.h">
      <Filter>Source Files\Engine Code\Resource Managers\Sprite Manager</Filter>
    </ClInclude>
    <ClInclude Include="Engine Code\SpriteManager.h">
      <Filter>Source Files\Engine Code\Resource Managers\Sprite Manager</Filter>
    </ClInclude>
    <ClInclude Include="Engine Code\TextureManagerAttorney.h">
      <Filter>Source Files\Engine Code\Resource Managers\Texture Manager</Filter>
    </ClInclude>
    <ClInclude Include="Engine Code\TextureManager.h">
      <Filter>Source Files\Engine Code\Resource Managers\Texture Manager</Filter>
    </ClInclude>
    <ClInclude Include="Engine Code\Updatable.h">
      <Filter>Source Files\Engine Code\X-ables\1. Update System</Filter>
    </ClInclude>
    <ClInclude Include="Engine Code\UpdatableManager.h">
      <Filter>Source Files\Engine Code\X-ables\1. Update System</Filter>
    </ClInclude>
    <ClInclude Include="Engine Code\Scene.h">
      <Filter>Source Files\Engine Code\Scene System</Filter>
    </ClInclude>
    <ClInclude Include="Engine Code\RegistrationBroker.h">
      <Filter>Source Files\Engine Code\Scene System</Filter>
    </ClInclude>
    <ClInclude Include="Engine Code\Camera.h">
      <Filter>Source Files\Engine Code\Camera System</Filter>
    </ClInclude>
    <ClInclude Include="Engine Code\CameraManager.h">
      <Filter>Source Files\Engine Code\Camera System</Filter>
    </ClInclude>
    <ClInclude Include="Engine Code\EngineAttorney.h">
      <Filter>Source Files\Engine Code\Engine</Filter>
    </ClInclude>
    <ClInclude Include="Engine Code\TDrawable.h">
      <Filter>Source Files\Engine Code\X-ables\2. Draw System</Filter>
    </ClInclude>
    <ClInclude Include="Engine Code\Command.h">
      <Filter>Source Files\Engine Code\Misc.</Filter>
    </ClInclude>
    <ClInclude Include="Engine Code\TDrawableManager.h">
      <Filter>Source Files\Engine Code\X-ables\2. Draw System</Filter>
    </ClInclude>
    <ClInclude Include="Engine Code\RegistrationState.h">
      <Filter>Source Files\Engine Code\Misc.</Filter>
    </ClInclude>
    <ClInclude Include="Engine Code\UpdateRegistrationCommand.h">
      <Filter>Source Files\Engine Code\X-ables\1. Update System</Filter>
    </ClInclude>
    <ClInclude Include="Engine Code\UpdateDeregistrationCommand.h">
      <Filter>Source Files\Engine Code\X-ables\1. Update System</Filter>
    </ClInclude>
    <ClInclude Include="Engine Code\TDrawRegistrationCommand.h">
      <Filter>Source Files\Engine Code\X-ables\2. Draw System</Filter>
    </ClInclude>
    <ClInclude Include="Engine Code\TDrawDeregistrationCommand.h">
      <Filter>Source Files\Engine Code\X-ables\2. Draw System</Filter>
    </ClInclude>
    <ClInclude Include="Engine Code\SceneManager.h">
      <Filter>Source Files\Engine Code\Scene System</Filter>
    </ClInclude>
    <ClInclude Include="Game Code\ScenePlayerTest.h">
      <Filter>Source Files\Game Code</Filter>
    </ClInclude>
    <ClInclude Include="Game Code\Player.h">
      <Filter>Source Files\Game Code</Filter>
    </ClInclude>
    <ClInclude Include="Game Code\Weapon.h">
      <Filter>Source Files\Game Code\Weapons</Filter>
    </ClInclude>
    <ClInclude Include="Game Code\Shotgun.h">
      <Filter>Source Files\Game Code\Weapons\Shotgun</Filter>
    </ClInclude>
    <ClInclude Include="Game Code\Pellet.h">
      <Filter>Source Files\Game Code\Weapons\Shotgun</Filter>
    </ClInclude>
    <ClInclude Include="Engine Code\Inputable.h">
      <Filter>Source Files\Engine Code\X-ables\3. Input System</Filter>
    </ClInclude>
    <ClInclude Include="Engine Code\KeyEvent.h">
      <Filter>Source Files\Engine Code\Misc.</Filter>
    </ClInclude>
  </ItemGroup>
</Project>